
Microsoft Visual Studio Solution File, Format Version 12.00
# Visual Studio 15
VisualStudioVersion = 15.0.26124.0
MinimumVisualStudioVersion = 15.0.26124.0
Project("{2150E333-8FDC-42A3-9474-1A3956D46DE8}") = "Domain", "Domain", "{D84382E6-D8D2-48DF-BF22-19E655024353}"
EndProject
Project("{FAE04EC0-301F-11D3-BF4B-00C04F79EFBC}") = "Fabi.Rest.Api.Domain", "Domain\Fabi.Rest.Api.Domain\Fabi.Rest.Api.Domain.csproj", "{B44B7407-9643-46B4-9C40-D8E6331B78A0}"
EndProject
Project("{FAE04EC0-301F-11D3-BF4B-00C04F79EFBC}") = "Fabi.Rest.Api.Domain.Tests", "Domain\Fabi.Rest.Api.Domain.Tests\Fabi.Rest.Api.Domain.Tests.csproj", "{A3086E89-5681-4E81-AD5F-446A9BBDB170}"
EndProject
Project("{2150E333-8FDC-42A3-9474-1A3956D46DE8}") = "DataAccess", "DataAccess", "{EF17E442-3265-46FC-B48A-034BFAC376CF}"
EndProject
Project("{FAE04EC0-301F-11D3-BF4B-00C04F79EFBC}") = "Fabi.Rest.Api.DataAccess", "DataAccess\Fabi.Rest.Api.DataAccess\Fabi.Rest.Api.DataAccess.csproj", "{E0FCB71A-4B7B-448B-BEC5-606D58B2058E}"
EndProject
Project("{FAE04EC0-301F-11D3-BF4B-00C04F79EFBC}") = "Fabi.Rest.Api.DataAccess.Tests", "DataAccess\Fabi.Rest.Api.DataAccess.Tests\Fabi.Rest.Api.DataAccess.Tests.csproj", "{2CE97A2A-B094-49B7-94AE-E7E33D11023C}"
EndProject
Project("{2150E333-8FDC-42A3-9474-1A3956D46DE8}") = "Web", "Web", "{73E0BC92-9A34-4963-8982-9F74250E61DA}"
EndProject
Project("{FAE04EC0-301F-11D3-BF4B-00C04F79EFBC}") = "Fabi.Rest.Api.Web", "Web\Fabi.Rest.Api.Web\Fabi.Rest.Api.Web.csproj", "{93FB4AFC-0DF4-4D81-8A99-55CA26E266C8}"
EndProject
Project("{FAE04EC0-301F-11D3-BF4B-00C04F79EFBC}") = "Fabi.Rest.Api.Web.Tests", "Web\Fabi.Rest.Api.Web.Tests\Fabi.Rest.Api.Web.Tests.csproj", "{852BEF2F-5C60-41ED-A5AB-84F636824CA7}"
EndProject
Global
	GlobalSection(SolutionConfigurationPlatforms) = preSolution
		Debug|Any CPU = Debug|Any CPU
		Debug|x64 = Debug|x64
		Debug|x86 = Debug|x86
		Release|Any CPU = Release|Any CPU
		Release|x64 = Release|x64
		Release|x86 = Release|x86
	EndGlobalSection
	GlobalSection(SolutionProperties) = preSolution
		HideSolutionNode = FALSE
	EndGlobalSection
	GlobalSection(ProjectConfigurationPlatforms) = postSolution
		{B44B7407-9643-46B4-9C40-D8E6331B78A0}.Debug|Any CPU.ActiveCfg = Debug|Any CPU
		{B44B7407-9643-46B4-9C40-D8E6331B78A0}.Debug|Any CPU.Build.0 = Debug|Any CPU
		{B44B7407-9643-46B4-9C40-D8E6331B78A0}.Debug|x64.ActiveCfg = Debug|x64
		{B44B7407-9643-46B4-9C40-D8E6331B78A0}.Debug|x64.Build.0 = Debug|x64
		{B44B7407-9643-46B4-9C40-D8E6331B78A0}.Debug|x86.ActiveCfg = Debug|x86
		{B44B7407-9643-46B4-9C40-D8E6331B78A0}.Debug|x86.Build.0 = Debug|x86
		{B44B7407-9643-46B4-9C40-D8E6331B78A0}.Release|Any CPU.ActiveCfg = Release|Any CPU
		{B44B7407-9643-46B4-9C40-D8E6331B78A0}.Release|Any CPU.Build.0 = Release|Any CPU
		{B44B7407-9643-46B4-9C40-D8E6331B78A0}.Release|x64.ActiveCfg = Release|x64
		{B44B7407-9643-46B4-9C40-D8E6331B78A0}.Release|x64.Build.0 = Release|x64
		{B44B7407-9643-46B4-9C40-D8E6331B78A0}.Release|x86.ActiveCfg = Release|x86
		{B44B7407-9643-46B4-9C40-D8E6331B78A0}.Release|x86.Build.0 = Release|x86
		{A3086E89-5681-4E81-AD5F-446A9BBDB170}.Debug|Any CPU.ActiveCfg = Debug|Any CPU
		{A3086E89-5681-4E81-AD5F-446A9BBDB170}.Debug|Any CPU.Build.0 = Debug|Any CPU
		{A3086E89-5681-4E81-AD5F-446A9BBDB170}.Debug|x64.ActiveCfg = Debug|x64
		{A3086E89-5681-4E81-AD5F-446A9BBDB170}.Debug|x64.Build.0 = Debug|x64
		{A3086E89-5681-4E81-AD5F-446A9BBDB170}.Debug|x86.ActiveCfg = Debug|x86
		{A3086E89-5681-4E81-AD5F-446A9BBDB170}.Debug|x86.Build.0 = Debug|x86
		{A3086E89-5681-4E81-AD5F-446A9BBDB170}.Release|Any CPU.ActiveCfg = Release|Any CPU
		{A3086E89-5681-4E81-AD5F-446A9BBDB170}.Release|Any CPU.Build.0 = Release|Any CPU
		{A3086E89-5681-4E81-AD5F-446A9BBDB170}.Release|x64.ActiveCfg = Release|x64
		{A3086E89-5681-4E81-AD5F-446A9BBDB170}.Release|x64.Build.0 = Release|x64
		{A3086E89-5681-4E81-AD5F-446A9BBDB170}.Release|x86.ActiveCfg = Release|x86
		{A3086E89-5681-4E81-AD5F-446A9BBDB170}.Release|x86.Build.0 = Release|x86
		{E0FCB71A-4B7B-448B-BEC5-606D58B2058E}.Debug|Any CPU.ActiveCfg = Debug|Any CPU
		{E0FCB71A-4B7B-448B-BEC5-606D58B2058E}.Debug|Any CPU.Build.0 = Debug|Any CPU
		{E0FCB71A-4B7B-448B-BEC5-606D58B2058E}.Debug|x64.ActiveCfg = Debug|x64
		{E0FCB71A-4B7B-448B-BEC5-606D58B2058E}.Debug|x64.Build.0 = Debug|x64
		{E0FCB71A-4B7B-448B-BEC5-606D58B2058E}.Debug|x86.ActiveCfg = Debug|x86
		{E0FCB71A-4B7B-448B-BEC5-606D58B2058E}.Debug|x86.Build.0 = Debug|x86
		{E0FCB71A-4B7B-448B-BEC5-606D58B2058E}.Release|Any CPU.ActiveCfg = Release|Any CPU
		{E0FCB71A-4B7B-448B-BEC5-606D58B2058E}.Release|Any CPU.Build.0 = Release|Any CPU
		{E0FCB71A-4B7B-448B-BEC5-606D58B2058E}.Release|x64.ActiveCfg = Release|x64
		{E0FCB71A-4B7B-448B-BEC5-606D58B2058E}.Release|x64.Build.0 = Release|x64
		{E0FCB71A-4B7B-448B-BEC5-606D58B2058E}.Release|x86.ActiveCfg = Release|x86
		{E0FCB71A-4B7B-448B-BEC5-606D58B2058E}.Release|x86.Build.0 = Release|x86
		{2CE97A2A-B094-49B7-94AE-E7E33D11023C}.Debug|Any CPU.ActiveCfg = Debug|Any CPU
		{2CE97A2A-B094-49B7-94AE-E7E33D11023C}.Debug|Any CPU.Build.0 = Debug|Any CPU
		{2CE97A2A-B094-49B7-94AE-E7E33D11023C}.Debug|x64.ActiveCfg = Debug|x64
		{2CE97A2A-B094-49B7-94AE-E7E33D11023C}.Debug|x64.Build.0 = Debug|x64
		{2CE97A2A-B094-49B7-94AE-E7E33D11023C}.Debug|x86.ActiveCfg = Debug|x86
		{2CE97A2A-B094-49B7-94AE-E7E33D11023C}.Debug|x86.Build.0 = Debug|x86
		{2CE97A2A-B094-49B7-94AE-E7E33D11023C}.Release|Any CPU.ActiveCfg = Release|Any CPU
		{2CE97A2A-B094-49B7-94AE-E7E33D11023C}.Release|Any CPU.Build.0 = Release|Any CPU
		{2CE97A2A-B094-49B7-94AE-E7E33D11023C}.Release|x64.ActiveCfg = Release|x64
		{2CE97A2A-B094-49B7-94AE-E7E33D11023C}.Release|x64.Build.0 = Release|x64
		{2CE97A2A-B094-49B7-94AE-E7E33D11023C}.Release|x86.ActiveCfg = Release|x86
		{2CE97A2A-B094-49B7-94AE-E7E33D11023C}.Release|x86.Build.0 = Release|x86
		{93FB4AFC-0DF4-4D81-8A99-55CA26E266C8}.Debug|Any CPU.ActiveCfg = Debug|Any CPU
		{93FB4AFC-0DF4-4D81-8A99-55CA26E266C8}.Debug|Any CPU.Build.0 = Debug|Any CPU
		{93FB4AFC-0DF4-4D81-8A99-55CA26E266C8}.Debug|x64.ActiveCfg = Debug|x64
		{93FB4AFC-0DF4-4D81-8A99-55CA26E266C8}.Debug|x64.Build.0 = Debug|x64
		{93FB4AFC-0DF4-4D81-8A99-55CA26E266C8}.Debug|x86.ActiveCfg = Debug|x86
		{93FB4AFC-0DF4-4D81-8A99-55CA26E266C8}.Debug|x86.Build.0 = Debug|x86
		{93FB4AFC-0DF4-4D81-8A99-55CA26E266C8}.Release|Any CPU.ActiveCfg = Release|Any CPU
		{93FB4AFC-0DF4-4D81-8A99-55CA26E266C8}.Release|Any CPU.Build.0 = Release|Any CPU
		{93FB4AFC-0DF4-4D81-8A99-55CA26E266C8}.Release|x64.ActiveCfg = Release|x64
		{93FB4AFC-0DF4-4D81-8A99-55CA26E266C8}.Release|x64.Build.0 = Release|x64
		{93FB4AFC-0DF4-4D81-8A99-55CA26E266C8}.Release|x86.ActiveCfg = Release|x86
		{93FB4AFC-0DF4-4D81-8A99-55CA26E266C8}.Release|x86.Build.0 = Release|x86
		{852BEF2F-5C60-41ED-A5AB-84F636824CA7}.Debug|Any CPU.ActiveCfg = Debug|Any CPU
		{852BEF2F-5C60-41ED-A5AB-84F636824CA7}.Debug|Any CPU.Build.0 = Debug|Any CPU
		{852BEF2F-5C60-41ED-A5AB-84F636824CA7}.Debug|x64.ActiveCfg = Debug|x64
		{852BEF2F-5C60-41ED-A5AB-84F636824CA7}.Debug|x64.Build.0 = Debug|x64
		{852BEF2F-5C60-41ED-A5AB-84F636824CA7}.Debug|x86.ActiveCfg = Debug|x86
		{852BEF2F-5C60-41ED-A5AB-84F636824CA7}.Debug|x86.Build.0 = Debug|x86
		{852BEF2F-5C60-41ED-A5AB-84F636824CA7}.Release|Any CPU.ActiveCfg = Release|Any CPU
		{852BEF2F-5C60-41ED-A5AB-84F636824CA7}.Release|Any CPU.Build.0 = Release|Any CPU
		{852BEF2F-5C60-41ED-A5AB-84F636824CA7}.Release|x64.ActiveCfg = Release|x64
		{852BEF2F-5C60-41ED-A5AB-84F636824CA7}.Release|x64.Build.0 = Release|x64
		{852BEF2F-5C60-41ED-A5AB-84F636824CA7}.Release|x86.ActiveCfg = Release|x86
		{852BEF2F-5C60-41ED-A5AB-84F636824CA7}.Release|x86.Build.0 = Release|x86
	EndGlobalSection
	GlobalSection(NestedProjects) = preSolution
		{B44B7407-9643-46B4-9C40-D8E6331B78A0} = {D84382E6-D8D2-48DF-BF22-19E655024353}
		{A3086E89-5681-4E81-AD5F-446A9BBDB170} = {D84382E6-D8D2-48DF-BF22-19E655024353}
		{E0FCB71A-4B7B-448B-BEC5-606D58B2058E} = {EF17E442-3265-46FC-B48A-034BFAC376CF}
		{2CE97A2A-B094-49B7-94AE-E7E33D11023C} = {EF17E442-3265-46FC-B48A-034BFAC376CF}
		{93FB4AFC-0DF4-4D81-8A99-55CA26E266C8} = {73E0BC92-9A34-4963-8982-9F74250E61DA}
		{852BEF2F-5C60-41ED-A5AB-84F636824CA7} = {73E0BC92-9A34-4963-8982-9F74250E61DA}
	EndGlobalSection
EndGlobal
